
Microsoft Visual Studio Solution File, Format Version 12.00
# Visual Studio 14
VisualStudioVersion = 14.0.25420.1
MinimumVisualStudioVersion = 10.0.40219.1
Project("{FAE04EC0-301F-11D3-BF4B-00C04F79EFBC}") = "RuanMou.MvcTemp", "RuanMou.MvcTemp\RuanMou.MvcTemp.csproj", "{C217816C-AF87-4807-A05E-6F67CE8DFC72}"
EndProject
Project("{FAE04EC0-301F-11D3-BF4B-00C04F79EFBC}") = "RuanMou.Infrastructure", "RuanMou.MvcTemp.Infrastructure\RuanMou.Infrastructure.csproj", "{4C6E6E18-A1AF-472F-86A0-ECF94EA823D9}"
EndProject
Project("{2150E333-8FDC-42A3-9474-1A3956D46DE8}") = "2 Application(应用层)", "2 Application(应用层)", "{69F71DA7-F166-46B9-A333-84ECD3EFA423}"
EndProject
Project("{2150E333-8FDC-42A3-9474-1A3956D46DE8}") = "3 Domain(领域层)", "3 Domain(领域层)", "{D58BC11C-A044-4782-BBAE-CACC68B374B4}"
EndProject
Project("{2150E333-8FDC-42A3-9474-1A3956D46DE8}") = "4 Infrastructure(基础设施层)", "4 Infrastructure(基础设施层)", "{640FA7BD-B642-4263-B09D-F62B8BE0E34B}"
EndProject
Project("{2150E333-8FDC-42A3-9474-1A3956D46DE8}") = "1 UI(展示层)", "1 UI(展示层)", "{DB554106-0A7B-4731-B8DF-937C45E610AE}"
EndProject
Project("{FAE04EC0-301F-11D3-BF4B-00C04F79EFBC}") = "DbModel", "DbModel\DbModel.csproj", "{2D17EBD2-FFE9-438C-9A8B-B0E32FEE65CC}"
EndProject
Project("{FAE04EC0-301F-11D3-BF4B-00C04F79EFBC}") = "RuanMou.Repository", "RuanMou.Repository\RuanMou.Repository.csproj", "{E9209FEB-98C4-4BB6-9A67-71D6144C0CB5}"
EndProject
Project("{FAE04EC0-301F-11D3-BF4B-00C04F79EFBC}") = "RuanMou.Domain", "RuanMou.Domain\RuanMou.Domain.csproj", "{480439F7-8647-4E1B-AA26-9CF75FAF02E5}"
EndProject
Project("{FAE04EC0-301F-11D3-BF4B-00C04F79EFBC}") = "RuanMou.Interface", "RuanMou.Interface\RuanMou.Interface.csproj", "{49888A4F-EC6A-4446-B1B5-420F670A2278}"
EndProject
Project("{FAE04EC0-301F-11D3-BF4B-00C04F79EFBC}") = "RuanMou.App", "RuanMou.App\RuanMou.App.csproj", "{3DC60BE2-512B-4008-B1F0-F05E9368599F}"
EndProject
Project("{2150E333-8FDC-42A3-9474-1A3956D46DE8}") = "5 Test(测试)", "5 Test(测试)", "{E18FAE09-29A1-4C2D-9D46-4A1099A933ED}"
EndProject
Project("{FAE04EC0-301F-11D3-BF4B-00C04F79EFBC}") = "ValueModel", "ValueModel\ValueModel.csproj", "{A8F4D7C7-EFDE-4F4E-A5E4-7D4CD0E12C47}"
EndProject
Project("{FAE04EC0-301F-11D3-BF4B-00C04F79EFBC}") = "ViewModel", "ViewModel\ViewModel.csproj", "{C6A849DC-30B3-4908-8AD3-747A564CEA49}"
EndProject
Global
	GlobalSection(SolutionConfigurationPlatforms) = preSolution
		Debug|Any CPU = Debug|Any CPU
		Release|Any CPU = Release|Any CPU
	EndGlobalSection
	GlobalSection(ProjectConfigurationPlatforms) = postSolution
		{C217816C-AF87-4807-A05E-6F67CE8DFC72}.Debug|Any CPU.ActiveCfg = Debug|Any CPU
		{C217816C-AF87-4807-A05E-6F67CE8DFC72}.Debug|Any CPU.Build.0 = Debug|Any CPU
		{C217816C-AF87-4807-A05E-6F67CE8DFC72}.Release|Any CPU.ActiveCfg = Release|Any CPU
		{C217816C-AF87-4807-A05E-6F67CE8DFC72}.Release|Any CPU.Build.0 = Release|Any CPU
		{4C6E6E18-A1AF-472F-86A0-ECF94EA823D9}.Debug|Any CPU.ActiveCfg = Debug|Any CPU
		{4C6E6E18-A1AF-472F-86A0-ECF94EA823D9}.Debug|Any CPU.Build.0 = Debug|Any CPU
		{4C6E6E18-A1AF-472F-86A0-ECF94EA823D9}.Release|Any CPU.ActiveCfg = Release|Any CPU
		{4C6E6E18-A1AF-472F-86A0-ECF94EA823D9}.Release|Any CPU.Build.0 = Release|Any CPU
		{2D17EBD2-FFE9-438C-9A8B-B0E32FEE65CC}.Debug|Any CPU.ActiveCfg = Debug|Any CPU
		{2D17EBD2-FFE9-438C-9A8B-B0E32FEE65CC}.Debug|Any CPU.Build.0 = Debug|Any CPU
		{2D17EBD2-FFE9-438C-9A8B-B0E32FEE65CC}.Release|Any CPU.ActiveCfg = Release|Any CPU
		{2D17EBD2-FFE9-438C-9A8B-B0E32FEE65CC}.Release|Any CPU.Build.0 = Release|Any CPU
		{E9209FEB-98C4-4BB6-9A67-71D6144C0CB5}.Debug|Any CPU.ActiveCfg = Debug|Any CPU
		{E9209FEB-98C4-4BB6-9A67-71D6144C0CB5}.Debug|Any CPU.Build.0 = Debug|Any CPU
		{E9209FEB-98C4-4BB6-9A67-71D6144C0CB5}.Release|Any CPU.ActiveCfg = Release|Any CPU
		{E9209FEB-98C4-4BB6-9A67-71D6144C0CB5}.Release|Any CPU.Build.0 = Release|Any CPU
		{480439F7-8647-4E1B-AA26-9CF75FAF02E5}.Debug|Any CPU.ActiveCfg = Debug|Any CPU
		{480439F7-8647-4E1B-AA26-9CF75FAF02E5}.Debug|Any CPU.Build.0 = Debug|Any CPU
		{480439F7-8647-4E1B-AA26-9CF75FAF02E5}.Release|Any CPU.ActiveCfg = Release|Any CPU
		{480439F7-8647-4E1B-AA26-9CF75FAF02E5}.Release|Any CPU.Build.0 = Release|Any CPU
		{49888A4F-EC6A-4446-B1B5-420F670A2278}.Debug|Any CPU.ActiveCfg = Debug|Any CPU
		{49888A4F-EC6A-4446-B1B5-420F670A2278}.Debug|Any CPU.Build.0 = Debug|Any CPU
		{49888A4F-EC6A-4446-B1B5-420F670A2278}.Release|Any CPU.ActiveCfg = Release|Any CPU
		{49888A4F-EC6A-4446-B1B5-420F670A2278}.Release|Any CPU.Build.0 = Release|Any CPU
		{3DC60BE2-512B-4008-B1F0-F05E9368599F}.Debug|Any CPU.ActiveCfg = Debug|Any CPU
		{3DC60BE2-512B-4008-B1F0-F05E9368599F}.Debug|Any CPU.Build.0 = Debug|Any CPU
		{3DC60BE2-512B-4008-B1F0-F05E9368599F}.Release|Any CPU.ActiveCfg = Release|Any CPU
		{3DC60BE2-512B-4008-B1F0-F05E9368599F}.Release|Any CPU.Build.0 = Release|Any CPU
		{A8F4D7C7-EFDE-4F4E-A5E4-7D4CD0E12C47}.Debug|Any CPU.ActiveCfg = Debug|Any CPU
		{A8F4D7C7-EFDE-4F4E-A5E4-7D4CD0E12C47}.Debug|Any CPU.Build.0 = Debug|Any CPU
		{A8F4D7C7-EFDE-4F4E-A5E4-7D4CD0E12C47}.Release|Any CPU.ActiveCfg = Release|Any CPU
		{A8F4D7C7-EFDE-4F4E-A5E4-7D4CD0E12C47}.Release|Any CPU.Build.0 = Release|Any CPU
		{C6A849DC-30B3-4908-8AD3-747A564CEA49}.Debug|Any CPU.ActiveCfg = Debug|Any CPU
		{C6A849DC-30B3-4908-8AD3-747A564CEA49}.Debug|Any CPU.Build.0 = Debug|Any CPU
		{C6A849DC-30B3-4908-8AD3-747A564CEA49}.Release|Any CPU.ActiveCfg = Release|Any CPU
		{C6A849DC-30B3-4908-8AD3-747A564CEA49}.Release|Any CPU.Build.0 = Release|Any CPU
	EndGlobalSection
	GlobalSection(SolutionProperties) = preSolution
		HideSolutionNode = FALSE
	EndGlobalSection
	GlobalSection(NestedProjects) = preSolution
		{C217816C-AF87-4807-A05E-6F67CE8DFC72} = {DB554106-0A7B-4731-B8DF-937C45E610AE}
		{4C6E6E18-A1AF-472F-86A0-ECF94EA823D9} = {640FA7BD-B642-4263-B09D-F62B8BE0E34B}
		{2D17EBD2-FFE9-438C-9A8B-B0E32FEE65CC} = {640FA7BD-B642-4263-B09D-F62B8BE0E34B}
		{E9209FEB-98C4-4BB6-9A67-71D6144C0CB5} = {640FA7BD-B642-4263-B09D-F62B8BE0E34B}
		{480439F7-8647-4E1B-AA26-9CF75FAF02E5} = {D58BC11C-A044-4782-BBAE-CACC68B374B4}
		{49888A4F-EC6A-4446-B1B5-420F670A2278} = {D58BC11C-A044-4782-BBAE-CACC68B374B4}
		{3DC60BE2-512B-4008-B1F0-F05E9368599F} = {69F71DA7-F166-46B9-A333-84ECD3EFA423}
		{A8F4D7C7-EFDE-4F4E-A5E4-7D4CD0E12C47} = {D58BC11C-A044-4782-BBAE-CACC68B374B4}
		{C6A849DC-30B3-4908-8AD3-747A564CEA49} = {69F71DA7-F166-46B9-A333-84ECD3EFA423}
	EndGlobalSection
EndGlobal
